
Microsoft Visual Studio Solution File, Format Version 12.00
Project("{FAE04EC0-301F-11D3-BF4B-00C04F79EFBC}") = "LearningCenter.API", "LearningCenter.API\LearningCenter.API.csproj", "{3D2C246A-A1A7-4822-9296-F1B2ED2C842C}"
EndProject
Project("{FAE04EC0-301F-11D3-BF4B-00C04F79EFBC}") = "LearningCenter.API.Tests", "LearningCenter.API.Tests\LearningCenter.API.Tests.csproj", "{91E51528-344E-495A-A0AF-577110C37C15}"
EndProject
Global
	GlobalSection(SolutionConfigurationPlatforms) = preSolution
		Debug|Any CPU = Debug|Any CPU
		Release|Any CPU = Release|Any CPU
	EndGlobalSection
	GlobalSection(ProjectConfigurationPlatforms) = postSolution
		{3D2C246A-A1A7-4822-9296-F1B2ED2C842C}.Debug|Any CPU.ActiveCfg = Debug|Any CPU
		{3D2C246A-A1A7-4822-9296-F1B2ED2C842C}.Debug|Any CPU.Build.0 = Debug|Any CPU
		{3D2C246A-A1A7-4822-9296-F1B2ED2C842C}.Release|Any CPU.ActiveCfg = Release|Any CPU
		{3D2C246A-A1A7-4822-9296-F1B2ED2C842C}.Release|Any CPU.Build.0 = Release|Any CPU
		{91E51528-344E-495A-A0AF-577110C37C15}.Debug|Any CPU.ActiveCfg = Debug|Any CPU
		{91E51528-344E-495A-A0AF-577110C37C15}.Debug|Any CPU.Build.0 = Debug|Any CPU
		{91E51528-344E-495A-A0AF-577110C37C15}.Release|Any CPU.ActiveCfg = Release|Any CPU
		{91E51528-344E-495A-A0AF-577110C37C15}.Release|Any CPU.Build.0 = Release|Any CPU
	EndGlobalSection
EndGlobal
